
Microsoft Visual Studio Solution File, Format Version 9.00
# Visual Studio 2005
Project("{8BC9CEB8-8B4A-11D0-8D11-00A0C91BC942}") = "Blokus", "Blokus.vcproj", "{E1CBC57B-21CE-4F5B-8922-DD6656CD052C}"
EndProject
Project("{8BC9CEB8-8B4A-11D0-8D11-00A0C91BC942}") = "dedicated", "dedicated.vcproj", "{30A9545E-8574-4261-95C5-FCDB461C223A}"
	ProjectSection(ProjectDependencies) = postProject
		{E1CBC57B-21CE-4F5B-8922-DD6656CD052C} = {E1CBC57B-21CE-4F5B-8922-DD6656CD052C}
	EndProjectSection
EndProject
Global
	GlobalSection(SolutionConfigurationPlatforms) = preSolution
		Debug|Win32 = Debug|Win32
		Release|Win32 = Release|Win32
	EndGlobalSection
	GlobalSection(ProjectConfigurationPlatforms) = postSolution
		{E1CBC57B-21CE-4F5B-8922-DD6656CD052C}.Debug|Win32.ActiveCfg = Debug|Win32
		{E1CBC57B-21CE-4F5B-8922-DD6656CD052C}.Debug|Win32.Build.0 = Debug|Win32
		{E1CBC57B-21CE-4F5B-8922-DD6656CD052C}.Release|Win32.ActiveCfg = Release|Win32
		{E1CBC57B-21CE-4F5B-8922-DD6656CD052C}.Release|Win32.Build.0 = Release|Win32
		{30A9545E-8574-4261-95C5-FCDB461C223A}.Debug|Win32.ActiveCfg = Debug|Win32
		{30A9545E-8574-4261-95C5-FCDB461C223A}.Debug|Win32.Build.0 = Debug|Win32
		{30A9545E-8574-4261-95C5-FCDB461C223A}.Release|Win32.ActiveCfg = Release|Win32
		{30A9545E-8574-4261-95C5-FCDB461C223A}.Release|Win32.Build.0 = Release|Win32
	EndGlobalSection
	GlobalSection(SolutionProperties) = preSolution
		HideSolutionNode = FALSE
	EndGlobalSection
EndGlobal
